
Microsoft Visual Studio Solution File, Format Version 12.00
# Visual Studio 14
VisualStudioVersion = 14.0.25420.1
MinimumVisualStudioVersion = 10.0.40219.1
Project("{FAE04EC0-301F-11D3-BF4B-00C04F79EFBC}") = "UniformBuilder", "UniformBuilder\UniformBuilder.csproj", "{AB0AAA52-4A7B-4BEC-BFC6-D95E0AE9DE61}"
EndProject
Project("{FAE04EC0-301F-11D3-BF4B-00C04F79EFBC}") = "UniformBuilder.EF", "UniformBuilder.EF\UniformBuilder.EF.csproj", "{A8E3F831-95ED-46D7-AE33-3236E3B9532C}"
EndProject
Project("{FAE04EC0-301F-11D3-BF4B-00C04F79EFBC}") = "UniformBuilder.MVC", "UniformBuilder.MVC\UniformBuilder.MVC.csproj", "{534F4EDA-25E0-4B02-B482-1420BD346683}"
EndProject
Project("{2150E333-8FDC-42A3-9474-1A3956D46DE8}") = "ERDs", "ERDs", "{A8A50EE0-EF5E-459A-A3BC-81DABC0B615F}"
	ProjectSection(SolutionItems) = preProject
		C:\Users\ashish.shakya\Desktop\mock ups for UI\uniformbuilder\Configuration Options.png = C:\Users\ashish.shakya\Desktop\mock ups for UI\uniformbuilder\Configuration Options.png
		C:\Users\ashish.shakya\Desktop\mock ups for UI\uniformbuilder\jersey.png = C:\Users\ashish.shakya\Desktop\mock ups for UI\uniformbuilder\jersey.png
		C:\Users\ashish.shakya\Desktop\mock ups for UI\uniformbuilder\Style ERD.png = C:\Users\ashish.shakya\Desktop\mock ups for UI\uniformbuilder\Style ERD.png
	EndProjectSection
EndProject
Project("{2150E333-8FDC-42A3-9474-1A3956D46DE8}") = "Database", "Database", "{77FEB9FC-40C7-4FD1-81B4-66428C4EA786}"
	ProjectSection(SolutionItems) = preProject
		..\..\Microsoft SQL Server\MSSQL10.MSSQLSERVER\MSSQL\DATA\UniformBuilder.mdf = ..\..\Microsoft SQL Server\MSSQL10.MSSQLSERVER\MSSQL\DATA\UniformBuilder.mdf
		..\..\Microsoft SQL Server\MSSQL10.MSSQLSERVER\MSSQL\DATA\UniformBuilder_log.LDF = ..\..\Microsoft SQL Server\MSSQL10.MSSQLSERVER\MSSQL\DATA\UniformBuilder_log.LDF
	EndProjectSection
EndProject
Global
	GlobalSection(SolutionConfigurationPlatforms) = preSolution
		Debug|Any CPU = Debug|Any CPU
		Release|Any CPU = Release|Any CPU
	EndGlobalSection
	GlobalSection(ProjectConfigurationPlatforms) = postSolution
		{AB0AAA52-4A7B-4BEC-BFC6-D95E0AE9DE61}.Debug|Any CPU.ActiveCfg = Debug|Any CPU
		{AB0AAA52-4A7B-4BEC-BFC6-D95E0AE9DE61}.Debug|Any CPU.Build.0 = Debug|Any CPU
		{AB0AAA52-4A7B-4BEC-BFC6-D95E0AE9DE61}.Release|Any CPU.ActiveCfg = Release|Any CPU
		{AB0AAA52-4A7B-4BEC-BFC6-D95E0AE9DE61}.Release|Any CPU.Build.0 = Release|Any CPU
		{A8E3F831-95ED-46D7-AE33-3236E3B9532C}.Debug|Any CPU.ActiveCfg = Debug|Any CPU
		{A8E3F831-95ED-46D7-AE33-3236E3B9532C}.Debug|Any CPU.Build.0 = Debug|Any CPU
		{A8E3F831-95ED-46D7-AE33-3236E3B9532C}.Release|Any CPU.ActiveCfg = Release|Any CPU
		{A8E3F831-95ED-46D7-AE33-3236E3B9532C}.Release|Any CPU.Build.0 = Release|Any CPU
		{534F4EDA-25E0-4B02-B482-1420BD346683}.Debug|Any CPU.ActiveCfg = Debug|Any CPU
		{534F4EDA-25E0-4B02-B482-1420BD346683}.Debug|Any CPU.Build.0 = Debug|Any CPU
		{534F4EDA-25E0-4B02-B482-1420BD346683}.Release|Any CPU.ActiveCfg = Release|Any CPU
		{534F4EDA-25E0-4B02-B482-1420BD346683}.Release|Any CPU.Build.0 = Release|Any CPU
	EndGlobalSection
	GlobalSection(SolutionProperties) = preSolution
		HideSolutionNode = FALSE
	EndGlobalSection
EndGlobal
